{"1.2.0",
[{<<"eqwalizer_support">>,
  {git_subdir,"https://github.com/whatsapp/eqwalizer.git",
              {ref,"9b8a1966a9a5d26a8bec683a78def7f99835f8ef"},
              "eqwalizer_support"},
  0},
 {<<"goldrush">>,{pkg,<<"goldrush">>,<<"0.1.9">>},1},
 {<<"lager">>,
  {git,"https://github.com/erlang-lager/lager",
       {ref,"e6b31784e65b838a10d0a533f4b838da8029e402"}},
  0}]}.
[
{pkg_hash,[
 {<<"goldrush">>, <<"F06E5D5F1277DA5C413E84D5A2924174182FB108DABB39D5EC548B27424CD106">>}]},
{pkg_hash_ext,[
 {<<"goldrush">>, <<"99CB4128CFFCB3227581E5D4D803D5413FA643F4EB96523F77D9E6937D994CEB">>}]}
].
